<?xml version="1.0" encoding="utf-8"?>
<Project ToolsVersion="4.0" xmlns="http://schemas.microsoft.com/developer/msbuild/2003">
  <ItemGroup>
    <ClCompile Include="src\glez_gl\main.c" />
    <ClCompile Include="src\glez\file.c" />
    <ClCompile Include="src\glez\log.c" />
    <ClCompile Include="src\glez\tex.c" />
    <ClCompile Include="src\glez\model.c" />
    <ClCompile Include="src\glez_gl\gl.c" />
  </ItemGroup>
  <ItemGroup>
    <ClInclude Include="src\ext\stb\stb_image.h" />
    <ClInclude Include="src\ext\stb\stb_sprintf.h" />
    <ClInclude Include="src\glez\file.h" />
    <ClInclude Include="src\glez\type.h" />
    <ClInclude Include="src\glez\tex.h" />
    <ClInclude Include="src\glez\sys.h" />
    <ClInclude Include="src\glez\model.h" />
    <ClInclude Include="src\glez\math.h" />
    <ClInclude Include="src\glez\log.h" />
    <ClInclude Include="src\glez_gl\gl.h" />
  </ItemGroup>
  <ItemGroup>
    <None Include="src\shaders\mario_vert.glsl" />
    <None Include="src\shaders\mario_frag.glsl" />
  </ItemGroup>
</Project>