<?xml version="1.0" encoding="utf-8"?>
<Project ToolsVersion="4.0" xmlns="http://schemas.microsoft.com/developer/msbuild/2003">
  <ItemGroup>
    <ClCompile Include="src\glez_gl\main.c" />
    <ClCompile Include="src\glez_gl\gl.c" />
  </ItemGroup>
  <ItemGroup>
    <ClInclude Include="src\glez_gl\gl.h" />
  </ItemGroup>
  <ItemGroup>
    <None Include="src\shaders\mario_vert.glsl" />
    <None Include="src\shaders\mario_frag.glsl" />
  </ItemGroup>
</Project>