<?xml version="1.0" encoding="utf-8"?>
<Project ToolsVersion="4.0" xmlns="http://schemas.microsoft.com/developer/msbuild/2003">
  <ItemGroup>
    <ClCompile Include="src\ext\imgui\imgui.cpp" />
    <ClCompile Include="src\ext\imgui\imgui_demo.cpp" />
    <ClCompile Include="src\ext\imgui\imgui_draw.cpp" />
    <ClCompile Include="src\ext\imgui\imgui_widgets.cpp" />
    <ClCompile Include="src\ext\imgui\examples\imgui_impl_opengl3.cpp" />
    <ClCompile Include="src\ext\imgui\examples\imgui_impl_win32.cpp" />
    <ClCompile Include="src\ext\imgui\examples\imgui_impl_glfw.cpp" />
    <ClCompile Include="src\ext\imgui\c_imgui.cpp" />
  </ItemGroup>
  <ItemGroup>
    <ClInclude Include="src\ext\imgui\imgui.h" />
    <ClInclude Include="src\ext\imgui\imconfig.h" />
    <ClInclude Include="src\ext\imgui\imgui_internal.h" />
    <ClInclude Include="src\ext\imgui\imstb_rectpack.h" />
    <ClInclude Include="src\ext\imgui\imstb_textedit.h" />
    <ClInclude Include="src\ext\imgui\imstb_truetype.h" />
    <ClInclude Include="src\ext\imgui\c_imgui.h" />
  </ItemGroup>
</Project>