<?xml version="1.0" encoding="utf-8"?>
<Project ToolsVersion="4.0" xmlns="http://schemas.microsoft.com/developer/msbuild/2003">
  <ItemGroup>
    <ClInclude Include="include\GLFW\glfw3.h" />
    <ClInclude Include="include\GLFW\glfw3native.h" />
    <ClInclude Include="src\internal.h" />
    <ClInclude Include="src\win32_joystick.h" />
    <ClInclude Include="src\win32_platform.h" />
    <ClInclude Include="src\mappings.h" />
    <ClInclude Include="src\wgl_context.h" />
    <ClInclude Include="src\egl_context.h" />
    <ClInclude Include="src\osmesa_context.h" />
  </ItemGroup>
  <ItemGroup>
    <ClCompile Include="src\init.c" />
    <ClCompile Include="src\input.c" />
    <ClCompile Include="src\monitor.c" />
    <ClCompile Include="src\win32_init.c" />
    <ClCompile Include="src\win32_joystick.c" />
    <ClCompile Include="src\win32_monitor.c" />
    <ClCompile Include="src\win32_thread.c" />
    <ClCompile Include="src\win32_time.c" />
    <ClCompile Include="src\win32_window.c" />
    <ClCompile Include="src\window.c" />
    <ClCompile Include="src\vulkan.c" />
    <ClCompile Include="src\context.c" />
    <ClCompile Include="src\wgl_context.c" />
    <ClCompile Include="src\egl_context.c" />
    <ClCompile Include="src\osmesa_context.c" />
  </ItemGroup>
  <ItemGroup>
    <None Include="src\mappings.h.in" />
    <None Include="src\glfw_config.h.in" />
    <None Include="src\glfw3.pc.in" />
  </ItemGroup>
</Project>